
Microsoft Visual Studio Solution File, Format Version 12.00
# Visual Studio Version 17
VisualStudioVersion = 17.1.32319.34
MinimumVisualStudioVersion = 10.0.40219.1
Project("{8BC9CEB8-8B4A-11D0-8D11-00A0C91BC942}") = "DataTypes", "DataTypes\DataTypes.vcxproj", "{16FA9C33-CC96-4785-9717-F990C956F922}"
EndProject
Project("{8BC9CEB8-8B4A-11D0-8D11-00A0C91BC942}") = "HelloWorld", "HelloWorld\HelloWorld.vcxproj", "{9654A131-68B5-4DB0-874E-C8F429498E2B}"
EndProject
Project("{8BC9CEB8-8B4A-11D0-8D11-00A0C91BC942}") = "UserDataTypes", "UserDataTypes\UserDataTypes.vcxproj", "{7F903B42-E9F0-4B89-92D5-EE3336C2D024}"
EndProject
Global
	GlobalSection(SolutionConfigurationPlatforms) = preSolution
		Debug|x64 = Debug|x64
		Debug|x86 = Debug|x86
		Release|x64 = Release|x64
		Release|x86 = Release|x86
	EndGlobalSection
	GlobalSection(ProjectConfigurationPlatforms) = postSolution
		{16FA9C33-CC96-4785-9717-F990C956F922}.Debug|x64.ActiveCfg = Debug|x64
		{16FA9C33-CC96-4785-9717-F990C956F922}.Debug|x64.Build.0 = Debug|x64
		{16FA9C33-CC96-4785-9717-F990C956F922}.Debug|x86.ActiveCfg = Debug|Win32
		{16FA9C33-CC96-4785-9717-F990C956F922}.Debug|x86.Build.0 = Debug|Win32
		{16FA9C33-CC96-4785-9717-F990C956F922}.Release|x64.ActiveCfg = Release|x64
		{16FA9C33-CC96-4785-9717-F990C956F922}.Release|x64.Build.0 = Release|x64
		{16FA9C33-CC96-4785-9717-F990C956F922}.Release|x86.ActiveCfg = Release|Win32
		{16FA9C33-CC96-4785-9717-F990C956F922}.Release|x86.Build.0 = Release|Win32
		{9654A131-68B5-4DB0-874E-C8F429498E2B}.Debug|x64.ActiveCfg = Debug|x64
		{9654A131-68B5-4DB0-874E-C8F429498E2B}.Debug|x64.Build.0 = Debug|x64
		{9654A131-68B5-4DB0-874E-C8F429498E2B}.Debug|x86.ActiveCfg = Debug|Win32
		{9654A131-68B5-4DB0-874E-C8F429498E2B}.Debug|x86.Build.0 = Debug|Win32
		{9654A131-68B5-4DB0-874E-C8F429498E2B}.Release|x64.ActiveCfg = Release|x64
		{9654A131-68B5-4DB0-874E-C8F429498E2B}.Release|x64.Build.0 = Release|x64
		{9654A131-68B5-4DB0-874E-C8F429498E2B}.Release|x86.ActiveCfg = Release|Win32
		{9654A131-68B5-4DB0-874E-C8F429498E2B}.Release|x86.Build.0 = Release|Win32
		{7F903B42-E9F0-4B89-92D5-EE3336C2D024}.Debug|x64.ActiveCfg = Debug|x64
		{7F903B42-E9F0-4B89-92D5-EE3336C2D024}.Debug|x64.Build.0 = Debug|x64
		{7F903B42-E9F0-4B89-92D5-EE3336C2D024}.Debug|x86.ActiveCfg = Debug|Win32
		{7F903B42-E9F0-4B89-92D5-EE3336C2D024}.Debug|x86.Build.0 = Debug|Win32
		{7F903B42-E9F0-4B89-92D5-EE3336C2D024}.Release|x64.ActiveCfg = Release|x64
		{7F903B42-E9F0-4B89-92D5-EE3336C2D024}.Release|x64.Build.0 = Release|x64
		{7F903B42-E9F0-4B89-92D5-EE3336C2D024}.Release|x86.ActiveCfg = Release|Win32
		{7F903B42-E9F0-4B89-92D5-EE3336C2D024}.Release|x86.Build.0 = Release|Win32
	EndGlobalSection
	GlobalSection(SolutionProperties) = preSolution
		HideSolutionNode = FALSE
	EndGlobalSection
	GlobalSection(ExtensibilityGlobals) = postSolution
		SolutionGuid = {A346BA54-79D2-4560-8175-B7AE73850BC5}
	EndGlobalSection
EndGlobal
