
Microsoft Visual Studio Solution File, Format Version 12.00
# Visual Studio Version 17
VisualStudioVersion = 17.1.32319.34
MinimumVisualStudioVersion = 10.0.40219.1
Project("{8BC9CEB8-8B4A-11D0-8D11-00A0C91BC942}") = "DataTypes", "DataTypes\DataTypes.vcxproj", "{16FA9C33-CC96-4785-9717-F990C956F922}"
EndProject
Project("{8BC9CEB8-8B4A-11D0-8D11-00A0C91BC942}") = "HelloWorld", "HelloWorld\HelloWorld.vcxproj", "{9654A131-68B5-4DB0-874E-C8F429498E2B}"
EndProject
Project("{8BC9CEB8-8B4A-11D0-8D11-00A0C91BC942}") = "UserDataTypes", "UserDataTypes\UserDataTypes.vcxproj", "{7F903B42-E9F0-4B89-92D5-EE3336C2D024}"
EndProject
Project("{8BC9CEB8-8B4A-11D0-8D11-00A0C91BC942}") = "UDT", "UDT\UDT.vcxproj", "{E38849B8-8572-42B1-8B31-9138FF11C0E6}"
EndProject
Project("{8BC9CEB8-8B4A-11D0-8D11-00A0C91BC942}") = "Containers", "Containers\Containers.vcxproj", "{1642C7DB-4A50-41ED-9D71-5EB4423355F2}"
EndProject
Project("{8BC9CEB8-8B4A-11D0-8D11-00A0C91BC942}") = "Memory", "Memory\Memory.vcxproj", "{88737B4C-3096-4FF1-8E59-36E11AF80E1F}"
EndProject
Project("{8BC9CEB8-8B4A-11D0-8D11-00A0C91BC942}") = "Pointer", "Pointer\Pointer.vcxproj", "{03D92550-8EF9-4E53-8CC3-7282CE52D78D}"
EndProject
Project("{8BC9CEB8-8B4A-11D0-8D11-00A0C91BC942}") = "References", "References\References.vcxproj", "{F922700D-F6FA-4627-AAF3-43C25F03FEC6}"
EndProject
Project("{8BC9CEB8-8B4A-11D0-8D11-00A0C91BC942}") = "MemoryReview", "MemoryReview\MemoryReview.vcxproj", "{E75F81A9-B302-460F-9603-9716F010EB9F}"
EndProject
Project("{8BC9CEB8-8B4A-11D0-8D11-00A0C91BC942}") = "OOP", "OOP\OOP.vcxproj", "{24D44B45-3009-4DE3-A24D-47C5FB4EA9A3}"
EndProject
Project("{8BC9CEB8-8B4A-11D0-8D11-00A0C91BC942}") = "Database", "Database\Database.vcxproj", "{F354212B-7D77-432C-B1FA-159CAFB04444}"
EndProject
Global
	GlobalSection(SolutionConfigurationPlatforms) = preSolution
		Debug|x64 = Debug|x64
		Debug|x86 = Debug|x86
		Release|x64 = Release|x64
		Release|x86 = Release|x86
	EndGlobalSection
	GlobalSection(ProjectConfigurationPlatforms) = postSolution
		{16FA9C33-CC96-4785-9717-F990C956F922}.Debug|x64.ActiveCfg = Debug|x64
		{16FA9C33-CC96-4785-9717-F990C956F922}.Debug|x64.Build.0 = Debug|x64
		{16FA9C33-CC96-4785-9717-F990C956F922}.Debug|x86.ActiveCfg = Debug|Win32
		{16FA9C33-CC96-4785-9717-F990C956F922}.Debug|x86.Build.0 = Debug|Win32
		{16FA9C33-CC96-4785-9717-F990C956F922}.Release|x64.ActiveCfg = Release|x64
		{16FA9C33-CC96-4785-9717-F990C956F922}.Release|x64.Build.0 = Release|x64
		{16FA9C33-CC96-4785-9717-F990C956F922}.Release|x86.ActiveCfg = Release|Win32
		{16FA9C33-CC96-4785-9717-F990C956F922}.Release|x86.Build.0 = Release|Win32
		{9654A131-68B5-4DB0-874E-C8F429498E2B}.Debug|x64.ActiveCfg = Debug|x64
		{9654A131-68B5-4DB0-874E-C8F429498E2B}.Debug|x64.Build.0 = Debug|x64
		{9654A131-68B5-4DB0-874E-C8F429498E2B}.Debug|x86.ActiveCfg = Debug|Win32
		{9654A131-68B5-4DB0-874E-C8F429498E2B}.Debug|x86.Build.0 = Debug|Win32
		{9654A131-68B5-4DB0-874E-C8F429498E2B}.Release|x64.ActiveCfg = Release|x64
		{9654A131-68B5-4DB0-874E-C8F429498E2B}.Release|x64.Build.0 = Release|x64
		{9654A131-68B5-4DB0-874E-C8F429498E2B}.Release|x86.ActiveCfg = Release|Win32
		{9654A131-68B5-4DB0-874E-C8F429498E2B}.Release|x86.Build.0 = Release|Win32
		{7F903B42-E9F0-4B89-92D5-EE3336C2D024}.Debug|x64.ActiveCfg = Debug|x64
		{7F903B42-E9F0-4B89-92D5-EE3336C2D024}.Debug|x64.Build.0 = Debug|x64
		{7F903B42-E9F0-4B89-92D5-EE3336C2D024}.Debug|x86.ActiveCfg = Debug|Win32
		{7F903B42-E9F0-4B89-92D5-EE3336C2D024}.Debug|x86.Build.0 = Debug|Win32
		{7F903B42-E9F0-4B89-92D5-EE3336C2D024}.Release|x64.ActiveCfg = Release|x64
		{7F903B42-E9F0-4B89-92D5-EE3336C2D024}.Release|x64.Build.0 = Release|x64
		{7F903B42-E9F0-4B89-92D5-EE3336C2D024}.Release|x86.ActiveCfg = Release|Win32
		{7F903B42-E9F0-4B89-92D5-EE3336C2D024}.Release|x86.Build.0 = Release|Win32
		{E38849B8-8572-42B1-8B31-9138FF11C0E6}.Debug|x64.ActiveCfg = Debug|x64
		{E38849B8-8572-42B1-8B31-9138FF11C0E6}.Debug|x64.Build.0 = Debug|x64
		{E38849B8-8572-42B1-8B31-9138FF11C0E6}.Debug|x86.ActiveCfg = Debug|Win32
		{E38849B8-8572-42B1-8B31-9138FF11C0E6}.Debug|x86.Build.0 = Debug|Win32
		{E38849B8-8572-42B1-8B31-9138FF11C0E6}.Release|x64.ActiveCfg = Release|x64
		{E38849B8-8572-42B1-8B31-9138FF11C0E6}.Release|x64.Build.0 = Release|x64
		{E38849B8-8572-42B1-8B31-9138FF11C0E6}.Release|x86.ActiveCfg = Release|Win32
		{E38849B8-8572-42B1-8B31-9138FF11C0E6}.Release|x86.Build.0 = Release|Win32
		{1642C7DB-4A50-41ED-9D71-5EB4423355F2}.Debug|x64.ActiveCfg = Debug|x64
		{1642C7DB-4A50-41ED-9D71-5EB4423355F2}.Debug|x64.Build.0 = Debug|x64
		{1642C7DB-4A50-41ED-9D71-5EB4423355F2}.Debug|x86.ActiveCfg = Debug|Win32
		{1642C7DB-4A50-41ED-9D71-5EB4423355F2}.Debug|x86.Build.0 = Debug|Win32
		{1642C7DB-4A50-41ED-9D71-5EB4423355F2}.Release|x64.ActiveCfg = Release|x64
		{1642C7DB-4A50-41ED-9D71-5EB4423355F2}.Release|x64.Build.0 = Release|x64
		{1642C7DB-4A50-41ED-9D71-5EB4423355F2}.Release|x86.ActiveCfg = Release|Win32
		{1642C7DB-4A50-41ED-9D71-5EB4423355F2}.Release|x86.Build.0 = Release|Win32
		{88737B4C-3096-4FF1-8E59-36E11AF80E1F}.Debug|x64.ActiveCfg = Debug|x64
		{88737B4C-3096-4FF1-8E59-36E11AF80E1F}.Debug|x64.Build.0 = Debug|x64
		{88737B4C-3096-4FF1-8E59-36E11AF80E1F}.Debug|x86.ActiveCfg = Debug|Win32
		{88737B4C-3096-4FF1-8E59-36E11AF80E1F}.Debug|x86.Build.0 = Debug|Win32
		{88737B4C-3096-4FF1-8E59-36E11AF80E1F}.Release|x64.ActiveCfg = Release|x64
		{88737B4C-3096-4FF1-8E59-36E11AF80E1F}.Release|x64.Build.0 = Release|x64
		{88737B4C-3096-4FF1-8E59-36E11AF80E1F}.Release|x86.ActiveCfg = Release|Win32
		{88737B4C-3096-4FF1-8E59-36E11AF80E1F}.Release|x86.Build.0 = Release|Win32
		{03D92550-8EF9-4E53-8CC3-7282CE52D78D}.Debug|x64.ActiveCfg = Debug|x64
		{03D92550-8EF9-4E53-8CC3-7282CE52D78D}.Debug|x64.Build.0 = Debug|x64
		{03D92550-8EF9-4E53-8CC3-7282CE52D78D}.Debug|x86.ActiveCfg = Debug|Win32
		{03D92550-8EF9-4E53-8CC3-7282CE52D78D}.Debug|x86.Build.0 = Debug|Win32
		{03D92550-8EF9-4E53-8CC3-7282CE52D78D}.Release|x64.ActiveCfg = Release|x64
		{03D92550-8EF9-4E53-8CC3-7282CE52D78D}.Release|x64.Build.0 = Release|x64
		{03D92550-8EF9-4E53-8CC3-7282CE52D78D}.Release|x86.ActiveCfg = Release|Win32
		{03D92550-8EF9-4E53-8CC3-7282CE52D78D}.Release|x86.Build.0 = Release|Win32
		{F922700D-F6FA-4627-AAF3-43C25F03FEC6}.Debug|x64.ActiveCfg = Debug|x64
		{F922700D-F6FA-4627-AAF3-43C25F03FEC6}.Debug|x64.Build.0 = Debug|x64
		{F922700D-F6FA-4627-AAF3-43C25F03FEC6}.Debug|x86.ActiveCfg = Debug|Win32
		{F922700D-F6FA-4627-AAF3-43C25F03FEC6}.Debug|x86.Build.0 = Debug|Win32
		{F922700D-F6FA-4627-AAF3-43C25F03FEC6}.Release|x64.ActiveCfg = Release|x64
		{F922700D-F6FA-4627-AAF3-43C25F03FEC6}.Release|x64.Build.0 = Release|x64
		{F922700D-F6FA-4627-AAF3-43C25F03FEC6}.Release|x86.ActiveCfg = Release|Win32
		{F922700D-F6FA-4627-AAF3-43C25F03FEC6}.Release|x86.Build.0 = Release|Win32
		{E75F81A9-B302-460F-9603-9716F010EB9F}.Debug|x64.ActiveCfg = Debug|x64
		{E75F81A9-B302-460F-9603-9716F010EB9F}.Debug|x64.Build.0 = Debug|x64
		{E75F81A9-B302-460F-9603-9716F010EB9F}.Debug|x86.ActiveCfg = Debug|Win32
		{E75F81A9-B302-460F-9603-9716F010EB9F}.Debug|x86.Build.0 = Debug|Win32
		{E75F81A9-B302-460F-9603-9716F010EB9F}.Release|x64.ActiveCfg = Release|x64
		{E75F81A9-B302-460F-9603-9716F010EB9F}.Release|x64.Build.0 = Release|x64
		{E75F81A9-B302-460F-9603-9716F010EB9F}.Release|x86.ActiveCfg = Release|Win32
		{E75F81A9-B302-460F-9603-9716F010EB9F}.Release|x86.Build.0 = Release|Win32
		{24D44B45-3009-4DE3-A24D-47C5FB4EA9A3}.Debug|x64.ActiveCfg = Debug|x64
		{24D44B45-3009-4DE3-A24D-47C5FB4EA9A3}.Debug|x64.Build.0 = Debug|x64
		{24D44B45-3009-4DE3-A24D-47C5FB4EA9A3}.Debug|x86.ActiveCfg = Debug|Win32
		{24D44B45-3009-4DE3-A24D-47C5FB4EA9A3}.Debug|x86.Build.0 = Debug|Win32
		{24D44B45-3009-4DE3-A24D-47C5FB4EA9A3}.Release|x64.ActiveCfg = Release|x64
		{24D44B45-3009-4DE3-A24D-47C5FB4EA9A3}.Release|x64.Build.0 = Release|x64
		{24D44B45-3009-4DE3-A24D-47C5FB4EA9A3}.Release|x86.ActiveCfg = Release|Win32
		{24D44B45-3009-4DE3-A24D-47C5FB4EA9A3}.Release|x86.Build.0 = Release|Win32
		{F354212B-7D77-432C-B1FA-159CAFB04444}.Debug|x64.ActiveCfg = Debug|x64
		{F354212B-7D77-432C-B1FA-159CAFB04444}.Debug|x64.Build.0 = Debug|x64
		{F354212B-7D77-432C-B1FA-159CAFB04444}.Debug|x86.ActiveCfg = Debug|Win32
		{F354212B-7D77-432C-B1FA-159CAFB04444}.Debug|x86.Build.0 = Debug|Win32
		{F354212B-7D77-432C-B1FA-159CAFB04444}.Release|x64.ActiveCfg = Release|x64
		{F354212B-7D77-432C-B1FA-159CAFB04444}.Release|x64.Build.0 = Release|x64
		{F354212B-7D77-432C-B1FA-159CAFB04444}.Release|x86.ActiveCfg = Release|Win32
		{F354212B-7D77-432C-B1FA-159CAFB04444}.Release|x86.Build.0 = Release|Win32
	EndGlobalSection
	GlobalSection(SolutionProperties) = preSolution
		HideSolutionNode = FALSE
	EndGlobalSection
	GlobalSection(ExtensibilityGlobals) = postSolution
		SolutionGuid = {A346BA54-79D2-4560-8175-B7AE73850BC5}
	EndGlobalSection
EndGlobal
